hash: a7e5c9c28d0d752af5c40bd1a2aa95bf6479c8bc7b6a81bdf0b5253cfe9489b2
updated: 2017-04-14T19:34:18.477136766-07:00
imports:
- name: cloud.google.com/go
  version: 1ec09e65be459e9a0c9014ff8e4591d8c2f1bed6
  subpackages:
  - compute/metadata
- name: github.com/aws/aws-sdk-go
  version: 7be45195c3af1b54a609812f90c05a7e492e2491
  subpackages:
  - aws
  - aws/awserr
  - aws/awsutil
  - aws/client
  - aws/client/metadata
  - aws/corehandlers
  - aws/credentials
  - aws/credentials/ec2rolecreds
  - aws/credentials/endpointcreds
  - aws/credentials/stscreds
  - aws/defaults
  - aws/ec2metadata
  - aws/endpoints
  - aws/request
  - aws/session
  - aws/signer/v4
  - private/protocol
  - private/protocol/query
  - private/protocol/query/queryutil
  - private/protocol/rest
  - private/protocol/restxml
  - private/protocol/xml/xmlutil
  - service/route53
  - service/s3
  - service/sts
- name: github.com/go-ini/ini
  version: e3c2d47c61e5333f9aa2974695dd94396eb69c75
- name: github.com/golang/protobuf
  version: 2bba0603135d7d7f5cb73b2125beeda19c09f4ef
  subpackages:
  - proto
- name: github.com/JamesClonk/vultr
  version: 0f156dd232bc4ebf8a32ba83fec57c0e4c9db69f
  subpackages:
  - lib
- name: github.com/jmespath/go-jmespath
  version: bd40a432e4c76585ef6b72d3fd96fb9b6dc7b68d
- name: github.com/jtblin/go-logger
  version: af42e9ac3a4a9f1ef63bc09797dbc5c1c5925ec1
- name: github.com/juju/ratelimit
  version: 77ed1c8a01217656d2080ad51981f6e99adaa177
- name: github.com/miekg/dns
  version: 6ebcb714d36901126ee2807031543b38c56de963
- name: github.com/Sirupsen/logrus
  version: ba1b36c82c5e05c4f912a88eab0dcd91a171688f
- name: github.com/weppos/dnsimple-go
  version: 65c1ca73cb19baf0f8b2b33219b7f57595a3ccb0
  subpackages:
  - dnsimple
- name: github.com/xenolf/lego
  version: 96a24777ffb3c6a25f6bb0b3a7997969c1fcde4b
  subpackages:
  - acme
  - providers/dns/cloudflare
  - providers/dns/digitalocean
  - providers/dns/dnsimple
  - providers/dns/dyn
  - providers/dns/gandi
  - providers/dns/googlecloud
  - providers/dns/namecheap
  - providers/dns/rfc2136
  - providers/dns/route53
  - providers/dns/vultr
- name: golang.org/x/crypto
  version: d172538b2cfce0c13cee31e647d0367aa8cd2486
  subpackages:
  - ocsp
- name: golang.org/x/net
  version: 4876518f9e71663000c348837735820161a42df7
  subpackages:
  - context
  - context/ctxhttp
  - http2
  - http2/hpack
  - internal/timeseries
  - publicsuffix
  - trace
- name: golang.org/x/oauth2
  version: a6bd8cefa1811bd24b86f8902872e4e8225f74c4
  subpackages:
  - google
  - internal
  - jws
  - jwt
- name: golang.org/x/sys
  version: f3918c30c5c2cb527c0b071a27c35120a6c0719a
  subpackages:
  - unix
- name: google.golang.org/api
  version: 48e49d1645e228d1c50c3d54fb476b2224477303
  subpackages:
  - dns/v1
  - gensupport
  - googleapi
  - googleapi/internal/uritemplates
- name: google.golang.org/appengine
  version: 170382fa85b10b94728989dfcf6cc818b335c952
  subpackages:
  - internal
  - internal/app_identity
  - internal/base
  - internal/datastore
  - internal/log
  - internal/modules
  - internal/remote_api
  - internal/urlfetch
  - urlfetch
- name: google.golang.org/grpc
  version: 8050b9cbc271307e5a716a9d782803d09b0d6f2d
  subpackages:
  - codes
  - credentials
  - grpclog
  - internal
  - keepalive
  - metadata
  - naming
  - peer
  - stats
  - tap
  - transport
- name: gopkg.in/square/go-jose.v1
  version: aa2e30fdd1fe9dd3394119af66451ae790d50e0d
  subpackages:
  - cipher
  - json
testImports: []
